
Microsoft Visual Studio Solution File, Format Version 12.00
# Visual Studio Version 17
VisualStudioVersion = 17.0.31808.319
MinimumVisualStudioVersion = 10.0.40219.1
Project("{FAE04EC0-301F-11D3-BF4B-00C04F79EFBC}") = "USAProperties", "USAProperties\USAProperties.csproj", "{A713A30A-BE07-4CC0-9103-CFF2D461EDE1}"
EndProject
Project("{FAE04EC0-301F-11D3-BF4B-00C04F79EFBC}") = "Domain", "Domain\Domain.csproj", "{87F8EFCB-013F-4CA9-BB15-EEF57E616DF4}"
EndProject
Project("{FAE04EC0-301F-11D3-BF4B-00C04F79EFBC}") = "Infrastructure", "Infrastructure\Infrastructure.csproj", "{7A607E9E-4893-44C9-8E8F-D6732C6CADDE}"
EndProject
Global
	GlobalSection(SolutionConfigurationPlatforms) = preSolution
		Debug|Any CPU = Debug|Any CPU
		Release|Any CPU = Release|Any CPU
	EndGlobalSection
	GlobalSection(ProjectConfigurationPlatforms) = postSolution
		{A713A30A-BE07-4CC0-9103-CFF2D461EDE1}.Debug|Any CPU.ActiveCfg = Debug|Any CPU
		{A713A30A-BE07-4CC0-9103-CFF2D461EDE1}.Debug|Any CPU.Build.0 = Debug|Any CPU
		{A713A30A-BE07-4CC0-9103-CFF2D461EDE1}.Release|Any CPU.ActiveCfg = Release|Any CPU
		{A713A30A-BE07-4CC0-9103-CFF2D461EDE1}.Release|Any CPU.Build.0 = Release|Any CPU
		{87F8EFCB-013F-4CA9-BB15-EEF57E616DF4}.Debug|Any CPU.ActiveCfg = Debug|Any CPU
		{87F8EFCB-013F-4CA9-BB15-EEF57E616DF4}.Debug|Any CPU.Build.0 = Debug|Any CPU
		{87F8EFCB-013F-4CA9-BB15-EEF57E616DF4}.Release|Any CPU.ActiveCfg = Release|Any CPU
		{87F8EFCB-013F-4CA9-BB15-EEF57E616DF4}.Release|Any CPU.Build.0 = Release|Any CPU
		{7A607E9E-4893-44C9-8E8F-D6732C6CADDE}.Debug|Any CPU.ActiveCfg = Debug|Any CPU
		{7A607E9E-4893-44C9-8E8F-D6732C6CADDE}.Debug|Any CPU.Build.0 = Debug|Any CPU
		{7A607E9E-4893-44C9-8E8F-D6732C6CADDE}.Release|Any CPU.ActiveCfg = Release|Any CPU
		{7A607E9E-4893-44C9-8E8F-D6732C6CADDE}.Release|Any CPU.Build.0 = Release|Any CPU
	EndGlobalSection
	GlobalSection(SolutionProperties) = preSolution
		HideSolutionNode = FALSE
	EndGlobalSection
	GlobalSection(ExtensibilityGlobals) = postSolution
		SolutionGuid = {6E0D464C-AD77-4787-B2AE-0E09915743DC}
	EndGlobalSection
EndGlobal
